
Microsoft Visual Studio Solution File, Format Version 12.00
# Visual Studio Version 17
VisualStudioVersion = 17.4.33205.214
MinimumVisualStudioVersion = 10.0.40219.1
Project("{888888A0-9F3D-457C-B088-3A5042F75D52}") = "Klassitöö", "Klassitöö.pyproj", "{1D2A2121-5209-4393-A592-25F4317C9389}"
EndProject
Global
	GlobalSection(SolutionConfigurationPlatforms) = preSolution
		Debug|Any CPU = Debug|Any CPU
		Release|Any CPU = Release|Any CPU
	EndGlobalSection
	GlobalSection(ProjectConfigurationPlatforms) = postSolution
		{1D2A2121-5209-4393-A592-25F4317C9389}.Debug|Any CPU.ActiveCfg = Debug|Any CPU
		{1D2A2121-5209-4393-A592-25F4317C9389}.Release|Any CPU.ActiveCfg = Release|Any CPU
	EndGlobalSection
	GlobalSection(SolutionProperties) = preSolution
		HideSolutionNode = FALSE
	EndGlobalSection
	GlobalSection(ExtensibilityGlobals) = postSolution
		SolutionGuid = {B1713BDF-A41B-4479-8DD2-CEAAE62FD3BE}
	EndGlobalSection
EndGlobal
